// !$*UTF8*$!
{
	archiveVersion = 1;
	classes = {
	};
	objectVersion = 50;
	objects = {

/* Begin PBXBuildFile section */
		FC110750255A1D6E003C62A8 /* LU_Dolittle.hpp in Sources */ = {isa = PBXBuildFile; fileRef = FC11074F255A1D5C003C62A8 /* LU_Dolittle.hpp */; };
		FC110752255A1D73003C62A8 /* lagrange_fit.hpp in Sources */ = {isa = PBXBuildFile; fileRef = FCE070F32556E61600463091 /* lagrange_fit.hpp */; };
		FC110755255A1E69003C62A8 /* include.hpp in Sources */ = {isa = PBXBuildFile; fileRef = FC110754255A1E60003C62A8 /* include.hpp */; };
		FCE070EC2556E59D00463091 /* main.cpp in Sources */ = {isa = PBXBuildFile; fileRef = FCE070EB2556E59D00463091 /* main.cpp */; };
/* End PBXBuildFile section */

/* Begin PBXCopyFilesBuildPhase section */
		FCE070E62556E59D00463091 /* CopyFiles */ = {
			isa = PBXCopyFilesBuildPhase;
			buildActionMask = 2147483647;
			dstPath = /usr/share/man/man1/;
			dstSubfolderSpec = 0;
			files = (
			);
			runOnlyForDeploymentPostprocessing = 1;
		};
/* End PBXCopyFilesBuildPhase section */

/* Begin PBXFileReference section */
		FC11074F255A1D5C003C62A8 /* LU_Dolittle.hpp */ = {isa = PBXFileReference; fileEncoding = 4; lastKnownFileType = sourcecode.cpp.h; name = LU_Dolittle.hpp; path = ../../LinearSolve/LinearSolve/LU_Dolittle.hpp; sourceTree = "<group>"; };
		FC110754255A1E60003C62A8 /* include.hpp */ = {isa = PBXFileReference; fileEncoding = 4; lastKnownFileType = sourcecode.cpp.h; name = include.hpp; path = ../../LinearSolve/LinearSolve/include.hpp; sourceTree = "<group>"; };
		FC110757255A5FA9003C62A8 /* LinearSolve.hpp */ = {isa = PBXFileReference; fileEncoding = 4; lastKnownFileType = sourcecode.cpp.h; name = LinearSolve.hpp; path = ../../LinearSolve/LinearSolve/LinearSolve.hpp; sourceTree = "<group>"; };
		FCE0323D25665864008A59E6 /* linear_fit.h */ = {isa = PBXFileReference; lastKnownFileType = sourcecode.c.h; path = linear_fit.h; sourceTree = "<group>"; };
		FCE070E82556E59D00463091 /* FunctionFit */ = {isa = PBXFileReference; explicitFileType = "compiled.mach-o.executable"; includeInIndex = 0; path = FunctionFit; sourceTree = BUILT_PRODUCTS_DIR; };
		FCE070EB2556E59D00463091 /* main.cpp */ = {isa = PBXFileReference; lastKnownFileType = sourcecode.cpp.cpp; path = main.cpp; sourceTree = "<group>"; };
		FCE070F32556E61600463091 /* lagrange_fit.hpp */ = {isa = PBXFileReference; lastKnownFileType = sourcecode.cpp.h; path = lagrange_fit.hpp; sourceTree = "<group>"; };
/* End PBXFileReference section */

/* Begin PBXFrameworksBuildPhase section */
		FCE070E52556E59D00463091 /* Frameworks */ = {
			isa = PBXFrameworksBuildPhase;
			buildActionMask = 2147483647;
			files = (
			);
			runOnlyForDeploymentPostprocessing = 0;
		};
/* End PBXFrameworksBuildPhase section */

/* Begin PBXGroup section */
		FCE070DF2556E59D00463091 = {
			isa = PBXGroup;
			children = (
				FCE070EA2556E59D00463091 /* FunctionFit */,
				FCE070E92556E59D00463091 /* Products */,
			);
			sourceTree = "<group>";
		};
		FCE070E92556E59D00463091 /* Products */ = {
			isa = PBXGroup;
			children = (
				FCE070E82556E59D00463091 /* FunctionFit */,
			);
			name = Products;
			sourceTree = "<group>";
		};
		FCE070EA2556E59D00463091 /* FunctionFit */ = {
			isa = PBXGroup;
			children = (
				FC110757255A5FA9003C62A8 /* LinearSolve.hpp */,
				FC110754255A1E60003C62A8 /* include.hpp */,
				FC11074F255A1D5C003C62A8 /* LU_Dolittle.hpp */,
				FCE070EB2556E59D00463091 /* main.cpp */,
				FCE070F32556E61600463091 /* lagrange_fit.hpp */,
				FCE0323D25665864008A59E6 /* linear_fit.h */,
			);
			path = FunctionFit;
			sourceTree = "<group>";
		};
/* End PBXGroup section */

/* Begin PBXNativeTarget section */
		FCE070E72556E59D00463091 /* FunctionFit */ = {
			isa = PBXNativeTarget;
			buildConfigurationList = FCE070EF2556E59D00463091 /* Build configuration list for PBXNativeTarget "FunctionFit" */;
			buildPhases = (
				FCE070E42556E59D00463091 /* Sources */,
				FCE070E52556E59D00463091 /* Frameworks */,
				FCE070E62556E59D00463091 /* CopyFiles */,
			);
			buildRules = (
			);
			dependencies = (
			);
			name = FunctionFit;
			productName = FunctionFit;
			productReference = FCE070E82556E59D00463091 /* FunctionFit */;
			productType = "com.apple.product-type.tool";
		};
/* End PBXNativeTarget section */

/* Begin PBXProject section */
		FCE070E02556E59D00463091 /* Project object */ = {
			isa = PBXProject;
			attributes = {
				LastUpgradeCheck = 1210;
				TargetAttributes = {
					FCE070E72556E59D00463091 = {
						CreatedOnToolsVersion = 12.1;
					};
				};
			};
			buildConfigurationList = FCE070E32556E59D00463091 /* Build configuration list for PBXProject "FunctionFit" */;
			compatibilityVersion = "Xcode 9.3";
			developmentRegion = en;
			hasScannedForEncodings = 0;
			knownRegions = (
				en,
				Base,
			);
			mainGroup = FCE070DF2556E59D00463091;
			productRefGroup = FCE070E92556E59D00463091 /* Products */;
			projectDirPath = "";
			projectRoot = "";
			targets = (
				FCE070E72556E59D00463091 /* FunctionFit */,
			);
		};
/* End PBXProject section */

/* Begin PBXSourcesBuildPhase section */
		FCE070E42556E59D00463091 /* Sources */ = {
			isa = PBXSourcesBuildPhase;
			buildActionMask = 2147483647;
			files = (
				FC110755255A1E69003C62A8 /* include.hpp in Sources */,
				FC110752255A1D73003C62A8 /* lagrange_fit.hpp in Sources */,
				FC110750255A1D6E003C62A8 /* LU_Dolittle.hpp in Sources */,
				FCE070EC2556E59D00463091 /* main.cpp in Sources */,
			);
			runOnlyForDeploymentPostprocessing = 0;
		};
/* End PBXSourcesBuildPhase section */

/* Begin XCBuildConfiguration section */
		FCE070ED2556E59D00463091 /* Debug */ = {
			isa = XCBuildConfiguration;
			buildSettings = {
				ALWAYS_SEARCH_USER_PATHS = NO;
				CLANG_ANALYZER_NONNULL = YES;
				CLANG_ANALYZER_NUMBER_OBJECT_CONVERSION = YES_AGGRESSIVE;
				CLANG_CXX_LANGUAGE_STANDARD = "gnu++14";
				CLANG_CXX_LIBRARY = "libc++";
				CLANG_ENABLE_MODULES = YES;
				CLANG_ENABLE_OBJC_ARC = YES;
				CLANG_ENABLE_OBJC_WEAK = YES;
				CLANG_WARN_BLOCK_CAPTURE_AUTORELEASING = YES;
				CLANG_WARN_BOOL_CONVERSION = YES;
				CLANG_WARN_COMMA = YES;
				CLANG_WARN_CONSTANT_CONVERSION = YES;
				CLANG_WARN_DEPRECATED_OBJC_IMPLEMENTATIONS = YES;
				CLANG_WARN_DIRECT_OBJC_ISA_USAGE = YES_ERROR;
				CLANG_WARN_DOCUMENTATION_COMMENTS = YES;
				CLANG_WARN_EMPTY_BODY = YES;
				CLANG_WARN_ENUM_CONVERSION = YES;
				CLANG_WARN_INFINITE_RECURSION = YES;
				CLANG_WARN_INT_CONVERSION = YES;
				CLANG_WARN_NON_LITERAL_NULL_CONVERSION = YES;
				CLANG_WARN_OBJC_IMPLICIT_RETAIN_SELF = YES;
				CLANG_WARN_OBJC_LITERAL_CONVERSION = YES;
				CLANG_WARN_OBJC_ROOT_CLASS = YES_ERROR;
				CLANG_WARN_QUOTED_INCLUDE_IN_FRAMEWORK_HEADER = YES;
				CLANG_WARN_RANGE_LOOP_ANALYSIS = YES;
				CLANG_WARN_STRICT_PROTOTYPES = YES;
				CLANG_WARN_SUSPICIOUS_MOVE = YES;
				CLANG_WARN_UNGUARDED_AVAILABILITY = YES_AGGRESSIVE;
				CLANG_WARN_UNREACHABLE_CODE = YES;
				CLANG_WARN__DUPLICATE_METHOD_MATCH = YES;
				COPY_PHASE_STRIP = NO;
				DEBUG_INFORMATION_FORMAT = dwarf;
				ENABLE_STRICT_OBJC_MSGSEND = YES;
				ENABLE_TESTABILITY = YES;
				GCC_C_LANGUAGE_STANDARD = gnu11;
				GCC_DYNAMIC_NO_PIC = NO;
				GCC_NO_COMMON_BLOCKS = YES;
				GCC_OPTIMIZATION_LEVEL = 0;
				GCC_PREPROCESSOR_DEFINITIONS = (
					"DEBUG=1",
					"$(inherited)",
				);
				GCC_WARN_64_TO_32_BIT_CONVERSION = YES;
				GCC_WARN_ABOUT_RETURN_TYPE = YES_ERROR;
				GCC_WARN_UNDECLARED_SELECTOR = YES;
				GCC_WARN_UNINITIALIZED_AUTOS = YES_AGGRESSIVE;
				GCC_WARN_UNUSED_FUNCTION = YES;
				GCC_WARN_UNUSED_VARIABLE = YES;
				MACOSX_DEPLOYMENT_TARGET = 10.15;
				MTL_ENABLE_DEBUG_INFO = INCLUDE_SOURCE;
				MTL_FAST_MATH = YES;
				ONLY_ACTIVE_ARCH = YES;
				SDKROOT = macosx;
			};
			name = Debug;
		};
		FCE070EE2556E59D00463091 /* Release */ = {
			isa = XCBuildConfiguration;
			buildSettings = {
				ALWAYS_SEARCH_USER_PATHS = NO;
				CLANG_ANALYZER_NONNULL = YES;
				CLANG_ANALYZER_NUMBER_OBJECT_CONVERSION = YES_AGGRESSIVE;
				CLANG_CXX_LANGUAGE_STANDARD = "gnu++14";
				CLANG_CXX_LIBRARY = "libc++";
				CLANG_ENABLE_MODULES = YES;
				CLANG_ENABLE_OBJC_ARC = YES;
				CLANG_ENABLE_OBJC_WEAK = YES;
				CLANG_WARN_BLOCK_CAPTURE_AUTORELEASING = YES;
				CLANG_WARN_BOOL_CONVERSION = YES;
				CLANG_WARN_COMMA = YES;
				CLANG_WARN_CONSTANT_CONVERSION = YES;
				CLANG_WARN_DEPRECATED_OBJC_IMPLEMENTATIONS = YES;
				CLANG_WARN_DIRECT_OBJC_ISA_USAGE = YES_ERROR;
				CLANG_WARN_DOCUMENTATION_COMMENTS = YES;
				CLANG_WARN_EMPTY_BODY = YES;
				CLANG_WARN_ENUM_CONVERSION = YES;
				CLANG_WARN_INFINITE_RECURSION = YES;
				CLANG_WARN_INT_CONVERSION = YES;
				CLANG_WARN_NON_LITERAL_NULL_CONVERSION = YES;
				CLANG_WARN_OBJC_IMPLICIT_RETAIN_SELF = YES;
				CLANG_WARN_OBJC_LITERAL_CONVERSION = YES;
				CLANG_WARN_OBJC_ROOT_CLASS = YES_ERROR;
				CLANG_WARN_QUOTED_INCLUDE_IN_FRAMEWORK_HEADER = YES;
				CLANG_WARN_RANGE_LOOP_ANALYSIS = YES;
				CLANG_WARN_STRICT_PROTOTYPES = YES;
				CLANG_WARN_SUSPICIOUS_MOVE = YES;
				CLANG_WARN_UNGUARDED_AVAILABILITY = YES_AGGRESSIVE;
				CLANG_WARN_UNREACHABLE_CODE = YES;
				CLANG_WARN__DUPLICATE_METHOD_MATCH = YES;
				COPY_PHASE_STRIP = NO;
				DEBUG_INFORMATION_FORMAT = "dwarf-with-dsym";
				ENABLE_NS_ASSERTIONS = NO;
				ENABLE_STRICT_OBJC_MSGSEND = YES;
				GCC_C_LANGUAGE_STANDARD = gnu11;
				GCC_NO_COMMON_BLOCKS = YES;
				GCC_WARN_64_TO_32_BIT_CONVERSION = YES;
				GCC_WARN_ABOUT_RETURN_TYPE = YES_ERROR;
				GCC_WARN_UNDECLARED_SELECTOR = YES;
				GCC_WARN_UNINITIALIZED_AUTOS = YES_AGGRESSIVE;
				GCC_WARN_UNUSED_FUNCTION = YES;
				GCC_WARN_UNUSED_VARIABLE = YES;
				MACOSX_DEPLOYMENT_TARGET = 10.15;
				MTL_ENABLE_DEBUG_INFO = NO;
				MTL_FAST_MATH = YES;
				SDKROOT = macosx;
			};
			name = Release;
		};
		FCE070F02556E59D00463091 /* Debug */ = {
			isa = XCBuildConfiguration;
			buildSettings = {
				CODE_SIGN_STYLE = Automatic;
				DEVELOPMENT_TEAM = U5D4BZLJDG;
				ENABLE_HARDENED_RUNTIME = YES;
				PRODUCT_NAME = "$(TARGET_NAME)";
			};
			name = Debug;
		};
		FCE070F12556E59D00463091 /* Release */ = {
			isa = XCBuildConfiguration;
			buildSettings = {
				CODE_SIGN_STYLE = Automatic;
				DEVELOPMENT_TEAM = U5D4BZLJDG;
				ENABLE_HARDENED_RUNTIME = YES;
				PRODUCT_NAME = "$(TARGET_NAME)";
			};
			name = Release;
		};
/* End XCBuildConfiguration section */

/* Begin XCConfigurationList section */
		FCE070E32556E59D00463091 /* Build configuration list for PBXProject "FunctionFit" */ = {
			isa = XCConfigurationList;
			buildConfigurations = (
				FCE070ED2556E59D00463091 /* Debug */,
				FCE070EE2556E59D00463091 /* Release */,
			);
			defaultConfigurationIsVisible = 0;
			defaultConfigurationName = Release;
		};
		FCE070EF2556E59D00463091 /* Build configuration list for PBXNativeTarget "FunctionFit" */ = {
			isa = XCConfigurationList;
			buildConfigurations = (
				FCE070F02556E59D00463091 /* Debug */,
				FCE070F12556E59D00463091 /* Release */,
			);
			defaultConfigurationIsVisible = 0;
			defaultConfigurationName = Release;
		};
/* End XCConfigurationList section */
	};
	rootObject = FCE070E02556E59D00463091 /* Project object */;
}
