// !$*UTF8*$!
{
	archiveVersion = 1;
	classes = {
	};
	objectVersion = 50;
	objects = {

/* Begin PBXBuildFile section */
		FC110748255961A0003C62A8 /* gauss_elim.hpp in Sources */ = {isa = PBXBuildFile; fileRef = FCE070F925582FE000463091 /* gauss_elim.hpp */; };
		FC11074A255961A6003C62A8 /* secant_solve.hpp in Sources */ = {isa = PBXBuildFile; fileRef = FCE070F4255790A100463091 /* secant_solve.hpp */; };
		FC11074C255961AA003C62A8 /* LU_Dolittle.hpp in Sources */ = {isa = PBXBuildFile; fileRef = FCE070F7255824B600463091 /* LU_Dolittle.hpp */; };
		FCE070C7255590FA00463091 /* main.cpp in Sources */ = {isa = PBXBuildFile; fileRef = FCE070C6255590FA00463091 /* main.cpp */; };
		FCE070D325566FD600463091 /* bitsection_solve.hpp in Sources */ = {isa = PBXBuildFile; fileRef = FCE070CE2555915000463091 /* bitsection_solve.hpp */; };
		FCE070D525566FDD00463091 /* include.hpp in Sources */ = {isa = PBXBuildFile; fileRef = FCE070CF2555917E00463091 /* include.hpp */; };
		FCE070FB25583C6300463091 /* newtonpro.hpp in Sources */ = {isa = PBXBuildFile; fileRef = FCE070F6255810FC00463091 /* newtonpro.hpp */; };
/* End PBXBuildFile section */

/* Begin PBXCopyFilesBuildPhase section */
		FCE070C1255590FA00463091 /* CopyFiles */ = {
			isa = PBXCopyFilesBuildPhase;
			buildActionMask = 2147483647;
			dstPath = /usr/share/man/man1/;
			dstSubfolderSpec = 0;
			files = (
			);
			runOnlyForDeploymentPostprocessing = 1;
		};
/* End PBXCopyFilesBuildPhase section */

/* Begin PBXFileReference section */
		FCE070C3255590FA00463091 /* NonLinearSolve */ = {isa = PBXFileReference; explicitFileType = "compiled.mach-o.executable"; includeInIndex = 0; path = NonLinearSolve; sourceTree = BUILT_PRODUCTS_DIR; };
		FCE070C6255590FA00463091 /* main.cpp */ = {isa = PBXFileReference; lastKnownFileType = sourcecode.cpp.cpp; path = main.cpp; sourceTree = "<group>"; };
		FCE070CE2555915000463091 /* bitsection_solve.hpp */ = {isa = PBXFileReference; lastKnownFileType = sourcecode.cpp.h; path = bitsection_solve.hpp; sourceTree = "<group>"; };
		FCE070CF2555917E00463091 /* include.hpp */ = {isa = PBXFileReference; fileEncoding = 4; lastKnownFileType = sourcecode.cpp.h; name = include.hpp; path = ../../../LinearSolve/LinearSolve/include.hpp; sourceTree = "<group>"; };
		FCE070F4255790A100463091 /* secant_solve.hpp */ = {isa = PBXFileReference; lastKnownFileType = sourcecode.cpp.h; path = secant_solve.hpp; sourceTree = "<group>"; };
		FCE070F6255810FC00463091 /* newtonpro.hpp */ = {isa = PBXFileReference; lastKnownFileType = sourcecode.cpp.h; path = newtonpro.hpp; sourceTree = "<group>"; };
		FCE070F7255824B600463091 /* LU_Dolittle.hpp */ = {isa = PBXFileReference; fileEncoding = 4; lastKnownFileType = sourcecode.cpp.h; name = LU_Dolittle.hpp; path = ../../../LinearSolve/LinearSolve/LU_Dolittle.hpp; sourceTree = "<group>"; };
		FCE070F925582FE000463091 /* gauss_elim.hpp */ = {isa = PBXFileReference; fileEncoding = 4; lastKnownFileType = sourcecode.cpp.h; name = gauss_elim.hpp; path = ../../../LinearSolve/LinearSolve/gauss_elim.hpp; sourceTree = "<group>"; };
/* End PBXFileReference section */

/* Begin PBXFrameworksBuildPhase section */
		FCE070C0255590FA00463091 /* Frameworks */ = {
			isa = PBXFrameworksBuildPhase;
			buildActionMask = 2147483647;
			files = (
			);
			runOnlyForDeploymentPostprocessing = 0;
		};
/* End PBXFrameworksBuildPhase section */

/* Begin PBXGroup section */
		FCE070BA255590FA00463091 = {
			isa = PBXGroup;
			children = (
				FCE070C5255590FA00463091 /* NonLinearSolve */,
				FCE070C4255590FA00463091 /* Products */,
			);
			sourceTree = "<group>";
		};
		FCE070C4255590FA00463091 /* Products */ = {
			isa = PBXGroup;
			children = (
				FCE070C3255590FA00463091 /* NonLinearSolve */,
			);
			name = Products;
			sourceTree = "<group>";
		};
		FCE070C5255590FA00463091 /* NonLinearSolve */ = {
			isa = PBXGroup;
			children = (
				FCE070F925582FE000463091 /* gauss_elim.hpp */,
				FCE070F7255824B600463091 /* LU_Dolittle.hpp */,
				FCE070CF2555917E00463091 /* include.hpp */,
				FCE070C6255590FA00463091 /* main.cpp */,
				FCE070CE2555915000463091 /* bitsection_solve.hpp */,
				FCE070F4255790A100463091 /* secant_solve.hpp */,
				FCE070F6255810FC00463091 /* newtonpro.hpp */,
			);
			path = NonLinearSolve;
			sourceTree = "<group>";
		};
/* End PBXGroup section */

/* Begin PBXNativeTarget section */
		FCE070C2255590FA00463091 /* NonLinearSolve */ = {
			isa = PBXNativeTarget;
			buildConfigurationList = FCE070CA255590FA00463091 /* Build configuration list for PBXNativeTarget "NonLinearSolve" */;
			buildPhases = (
				FCE070BF255590FA00463091 /* Sources */,
				FCE070C0255590FA00463091 /* Frameworks */,
				FCE070C1255590FA00463091 /* CopyFiles */,
			);
			buildRules = (
			);
			dependencies = (
			);
			name = NonLinearSolve;
			productName = NonLinearSolve;
			productReference = FCE070C3255590FA00463091 /* NonLinearSolve */;
			productType = "com.apple.product-type.tool";
		};
/* End PBXNativeTarget section */

/* Begin PBXProject section */
		FCE070BB255590FA00463091 /* Project object */ = {
			isa = PBXProject;
			attributes = {
				LastUpgradeCheck = 1210;
				TargetAttributes = {
					FCE070C2255590FA00463091 = {
						CreatedOnToolsVersion = 12.1;
					};
				};
			};
			buildConfigurationList = FCE070BE255590FA00463091 /* Build configuration list for PBXProject "NonLinearSolve" */;
			compatibilityVersion = "Xcode 9.3";
			developmentRegion = en;
			hasScannedForEncodings = 0;
			knownRegions = (
				en,
				Base,
			);
			mainGroup = FCE070BA255590FA00463091;
			productRefGroup = FCE070C4255590FA00463091 /* Products */;
			projectDirPath = "";
			projectRoot = "";
			targets = (
				FCE070C2255590FA00463091 /* NonLinearSolve */,
			);
		};
/* End PBXProject section */

/* Begin PBXSourcesBuildPhase section */
		FCE070BF255590FA00463091 /* Sources */ = {
			isa = PBXSourcesBuildPhase;
			buildActionMask = 2147483647;
			files = (
				FC11074C255961AA003C62A8 /* LU_Dolittle.hpp in Sources */,
				FC11074A255961A6003C62A8 /* secant_solve.hpp in Sources */,
				FC110748255961A0003C62A8 /* gauss_elim.hpp in Sources */,
				FCE070FB25583C6300463091 /* newtonpro.hpp in Sources */,
				FCE070D525566FDD00463091 /* include.hpp in Sources */,
				FCE070D325566FD600463091 /* bitsection_solve.hpp in Sources */,
				FCE070C7255590FA00463091 /* main.cpp in Sources */,
			);
			runOnlyForDeploymentPostprocessing = 0;
		};
/* End PBXSourcesBuildPhase section */

/* Begin XCBuildConfiguration section */
		FCE070C8255590FA00463091 /* Debug */ = {
			isa = XCBuildConfiguration;
			buildSettings = {
				ALWAYS_SEARCH_USER_PATHS = NO;
				CLANG_ANALYZER_NONNULL = YES;
				CLANG_ANALYZER_NUMBER_OBJECT_CONVERSION = YES_AGGRESSIVE;
				CLANG_CXX_LANGUAGE_STANDARD = "gnu++14";
				CLANG_CXX_LIBRARY = "libc++";
				CLANG_ENABLE_MODULES = YES;
				CLANG_ENABLE_OBJC_ARC = YES;
				CLANG_ENABLE_OBJC_WEAK = YES;
				CLANG_WARN_BLOCK_CAPTURE_AUTORELEASING = YES;
				CLANG_WARN_BOOL_CONVERSION = YES;
				CLANG_WARN_COMMA = YES;
				CLANG_WARN_CONSTANT_CONVERSION = YES;
				CLANG_WARN_DEPRECATED_OBJC_IMPLEMENTATIONS = YES;
				CLANG_WARN_DIRECT_OBJC_ISA_USAGE = YES_ERROR;
				CLANG_WARN_DOCUMENTATION_COMMENTS = YES;
				CLANG_WARN_EMPTY_BODY = YES;
				CLANG_WARN_ENUM_CONVERSION = YES;
				CLANG_WARN_INFINITE_RECURSION = YES;
				CLANG_WARN_INT_CONVERSION = YES;
				CLANG_WARN_NON_LITERAL_NULL_CONVERSION = YES;
				CLANG_WARN_OBJC_IMPLICIT_RETAIN_SELF = YES;
				CLANG_WARN_OBJC_LITERAL_CONVERSION = YES;
				CLANG_WARN_OBJC_ROOT_CLASS = YES_ERROR;
				CLANG_WARN_QUOTED_INCLUDE_IN_FRAMEWORK_HEADER = YES;
				CLANG_WARN_RANGE_LOOP_ANALYSIS = YES;
				CLANG_WARN_STRICT_PROTOTYPES = YES;
				CLANG_WARN_SUSPICIOUS_MOVE = YES;
				CLANG_WARN_UNGUARDED_AVAILABILITY = YES_AGGRESSIVE;
				CLANG_WARN_UNREACHABLE_CODE = YES;
				CLANG_WARN__DUPLICATE_METHOD_MATCH = YES;
				COPY_PHASE_STRIP = NO;
				DEBUG_INFORMATION_FORMAT = dwarf;
				ENABLE_STRICT_OBJC_MSGSEND = YES;
				ENABLE_TESTABILITY = YES;
				GCC_C_LANGUAGE_STANDARD = gnu11;
				GCC_DYNAMIC_NO_PIC = NO;
				GCC_NO_COMMON_BLOCKS = YES;
				GCC_OPTIMIZATION_LEVEL = 0;
				GCC_PREPROCESSOR_DEFINITIONS = (
					"DEBUG=1",
					"$(inherited)",
				);
				GCC_WARN_64_TO_32_BIT_CONVERSION = YES;
				GCC_WARN_ABOUT_RETURN_TYPE = YES_ERROR;
				GCC_WARN_UNDECLARED_SELECTOR = YES;
				GCC_WARN_UNINITIALIZED_AUTOS = YES_AGGRESSIVE;
				GCC_WARN_UNUSED_FUNCTION = YES;
				GCC_WARN_UNUSED_VARIABLE = YES;
				MACOSX_DEPLOYMENT_TARGET = 10.15;
				MTL_ENABLE_DEBUG_INFO = INCLUDE_SOURCE;
				MTL_FAST_MATH = YES;
				ONLY_ACTIVE_ARCH = YES;
				SDKROOT = macosx;
			};
			name = Debug;
		};
		FCE070C9255590FA00463091 /* Release */ = {
			isa = XCBuildConfiguration;
			buildSettings = {
				ALWAYS_SEARCH_USER_PATHS = NO;
				CLANG_ANALYZER_NONNULL = YES;
				CLANG_ANALYZER_NUMBER_OBJECT_CONVERSION = YES_AGGRESSIVE;
				CLANG_CXX_LANGUAGE_STANDARD = "gnu++14";
				CLANG_CXX_LIBRARY = "libc++";
				CLANG_ENABLE_MODULES = YES;
				CLANG_ENABLE_OBJC_ARC = YES;
				CLANG_ENABLE_OBJC_WEAK = YES;
				CLANG_WARN_BLOCK_CAPTURE_AUTORELEASING = YES;
				CLANG_WARN_BOOL_CONVERSION = YES;
				CLANG_WARN_COMMA = YES;
				CLANG_WARN_CONSTANT_CONVERSION = YES;
				CLANG_WARN_DEPRECATED_OBJC_IMPLEMENTATIONS = YES;
				CLANG_WARN_DIRECT_OBJC_ISA_USAGE = YES_ERROR;
				CLANG_WARN_DOCUMENTATION_COMMENTS = YES;
				CLANG_WARN_EMPTY_BODY = YES;
				CLANG_WARN_ENUM_CONVERSION = YES;
				CLANG_WARN_INFINITE_RECURSION = YES;
				CLANG_WARN_INT_CONVERSION = YES;
				CLANG_WARN_NON_LITERAL_NULL_CONVERSION = YES;
				CLANG_WARN_OBJC_IMPLICIT_RETAIN_SELF = YES;
				CLANG_WARN_OBJC_LITERAL_CONVERSION = YES;
				CLANG_WARN_OBJC_ROOT_CLASS = YES_ERROR;
				CLANG_WARN_QUOTED_INCLUDE_IN_FRAMEWORK_HEADER = YES;
				CLANG_WARN_RANGE_LOOP_ANALYSIS = YES;
				CLANG_WARN_STRICT_PROTOTYPES = YES;
				CLANG_WARN_SUSPICIOUS_MOVE = YES;
				CLANG_WARN_UNGUARDED_AVAILABILITY = YES_AGGRESSIVE;
				CLANG_WARN_UNREACHABLE_CODE = YES;
				CLANG_WARN__DUPLICATE_METHOD_MATCH = YES;
				COPY_PHASE_STRIP = NO;
				DEBUG_INFORMATION_FORMAT = "dwarf-with-dsym";
				ENABLE_NS_ASSERTIONS = NO;
				ENABLE_STRICT_OBJC_MSGSEND = YES;
				GCC_C_LANGUAGE_STANDARD = gnu11;
				GCC_NO_COMMON_BLOCKS = YES;
				GCC_WARN_64_TO_32_BIT_CONVERSION = YES;
				GCC_WARN_ABOUT_RETURN_TYPE = YES_ERROR;
				GCC_WARN_UNDECLARED_SELECTOR = YES;
				GCC_WARN_UNINITIALIZED_AUTOS = YES_AGGRESSIVE;
				GCC_WARN_UNUSED_FUNCTION = YES;
				GCC_WARN_UNUSED_VARIABLE = YES;
				MACOSX_DEPLOYMENT_TARGET = 10.15;
				MTL_ENABLE_DEBUG_INFO = NO;
				MTL_FAST_MATH = YES;
				SDKROOT = macosx;
			};
			name = Release;
		};
		FCE070CB255590FA00463091 /* Debug */ = {
			isa = XCBuildConfiguration;
			buildSettings = {
				CLANG_CXX_LANGUAGE_STANDARD = "c++17";
				CLANG_CXX_LIBRARY = "compiler-default";
				CODE_SIGN_STYLE = Automatic;
				DEVELOPMENT_TEAM = U5D4BZLJDG;
				ENABLE_HARDENED_RUNTIME = YES;
				GCC_VERSION = "";
				PRODUCT_NAME = "$(TARGET_NAME)";
			};
			name = Debug;
		};
		FCE070CC255590FA00463091 /* Release */ = {
			isa = XCBuildConfiguration;
			buildSettings = {
				CLANG_CXX_LANGUAGE_STANDARD = "c++17";
				CLANG_CXX_LIBRARY = "compiler-default";
				CODE_SIGN_STYLE = Automatic;
				DEVELOPMENT_TEAM = U5D4BZLJDG;
				ENABLE_HARDENED_RUNTIME = YES;
				GCC_VERSION = "";
				PRODUCT_NAME = "$(TARGET_NAME)";
			};
			name = Release;
		};
/* End XCBuildConfiguration section */

/* Begin XCConfigurationList section */
		FCE070BE255590FA00463091 /* Build configuration list for PBXProject "NonLinearSolve" */ = {
			isa = XCConfigurationList;
			buildConfigurations = (
				FCE070C8255590FA00463091 /* Debug */,
				FCE070C9255590FA00463091 /* Release */,
			);
			defaultConfigurationIsVisible = 0;
			defaultConfigurationName = Release;
		};
		FCE070CA255590FA00463091 /* Build configuration list for PBXNativeTarget "NonLinearSolve" */ = {
			isa = XCConfigurationList;
			buildConfigurations = (
				FCE070CB255590FA00463091 /* Debug */,
				FCE070CC255590FA00463091 /* Release */,
			);
			defaultConfigurationIsVisible = 0;
			defaultConfigurationName = Release;
		};
/* End XCConfigurationList section */
	};
	rootObject = FCE070BB255590FA00463091 /* Project object */;
}
