// !$*UTF8*$!
{
	archiveVersion = 1;
	classes = {
	};
	objectVersion = 50;
	objects = {

/* Begin PBXBuildFile section */
		FC543F00254FFF0000C78721 /* main.cpp in Sources */ = {isa = PBXBuildFile; fileRef = FC543EFE254FFF0000C78721 /* main.cpp */; };
		FCE070AC25513D3900463091 /* gauss_elim.hpp in Sources */ = {isa = PBXBuildFile; fileRef = FCE070AB25513D2100463091 /* gauss_elim.hpp */; };
		FCE070B2255256E600463091 /* include.hpp in Sources */ = {isa = PBXBuildFile; fileRef = FCE070B1255256C900463091 /* include.hpp */; };
		FCE070B3255256E600463091 /* LU_Dolittle.hpp in Sources */ = {isa = PBXBuildFile; fileRef = FCE070B0255256C900463091 /* LU_Dolittle.hpp */; };
		FCE070B6255388FD00463091 /* gauss_seidel.hpp in Sources */ = {isa = PBXBuildFile; fileRef = FCE070B5255388F500463091 /* gauss_seidel.hpp */; };
		FCE070DB2556ABD900463091 /* LinearSolve.hpp in Sources */ = {isa = PBXBuildFile; fileRef = FCE070D92556899900463091 /* LinearSolve.hpp */; };
		FCE070DD2556ABE400463091 /* tri.hpp in Sources */ = {isa = PBXBuildFile; fileRef = FCE070D72556885400463091 /* tri.hpp */; };
/* End PBXBuildFile section */

/* Begin PBXCopyFilesBuildPhase section */
		FC543EEC254FFE9A00C78721 /* CopyFiles */ = {
			isa = PBXCopyFilesBuildPhase;
			buildActionMask = 2147483647;
			dstPath = /usr/share/man/man1/;
			dstSubfolderSpec = 0;
			files = (
			);
			runOnlyForDeploymentPostprocessing = 1;
		};
/* End PBXCopyFilesBuildPhase section */

/* Begin PBXFileReference section */
		FC543EEE254FFE9A00C78721 /* test_gauss_elim */ = {isa = PBXFileReference; explicitFileType = "compiled.mach-o.executable"; includeInIndex = 0; path = test_gauss_elim; sourceTree = BUILT_PRODUCTS_DIR; };
		FC543EFE254FFF0000C78721 /* main.cpp */ = {isa = PBXFileReference; lastKnownFileType = sourcecode.cpp.cpp; path = main.cpp; sourceTree = "<group>"; };
		FCE070AB25513D2100463091 /* gauss_elim.hpp */ = {isa = PBXFileReference; fileEncoding = 4; lastKnownFileType = sourcecode.cpp.h; path = gauss_elim.hpp; sourceTree = "<group>"; };
		FCE070B0255256C900463091 /* LU_Dolittle.hpp */ = {isa = PBXFileReference; fileEncoding = 4; lastKnownFileType = sourcecode.cpp.h; path = LU_Dolittle.hpp; sourceTree = "<group>"; };
		FCE070B1255256C900463091 /* include.hpp */ = {isa = PBXFileReference; fileEncoding = 4; lastKnownFileType = sourcecode.cpp.h; path = include.hpp; sourceTree = "<group>"; };
		FCE070B5255388F500463091 /* gauss_seidel.hpp */ = {isa = PBXFileReference; fileEncoding = 4; lastKnownFileType = sourcecode.cpp.h; path = gauss_seidel.hpp; sourceTree = "<group>"; };
		FCE070B82553C71700463091 /* test.hpp */ = {isa = PBXFileReference; lastKnownFileType = sourcecode.cpp.h; path = test.hpp; sourceTree = "<group>"; };
		FCE070D72556885400463091 /* tri.hpp */ = {isa = PBXFileReference; lastKnownFileType = sourcecode.cpp.h; path = tri.hpp; sourceTree = "<group>"; };
		FCE070D92556899900463091 /* LinearSolve.hpp */ = {isa = PBXFileReference; lastKnownFileType = sourcecode.cpp.h; path = LinearSolve.hpp; sourceTree = "<group>"; };
/* End PBXFileReference section */

/* Begin PBXFrameworksBuildPhase section */
		FC543EEB254FFE9A00C78721 /* Frameworks */ = {
			isa = PBXFrameworksBuildPhase;
			buildActionMask = 2147483647;
			files = (
			);
			runOnlyForDeploymentPostprocessing = 0;
		};
/* End PBXFrameworksBuildPhase section */

/* Begin PBXGroup section */
		FC543EE5254FFE9A00C78721 = {
			isa = PBXGroup;
			children = (
				FC543EF0254FFE9A00C78721 /* LinearSolve */,
				FC543EEF254FFE9A00C78721 /* Products */,
			);
			sourceTree = "<group>";
		};
		FC543EEF254FFE9A00C78721 /* Products */ = {
			isa = PBXGroup;
			children = (
				FC543EEE254FFE9A00C78721 /* test_gauss_elim */,
			);
			name = Products;
			sourceTree = "<group>";
		};
		FC543EF0254FFE9A00C78721 /* LinearSolve */ = {
			isa = PBXGroup;
			children = (
				FCE070B5255388F500463091 /* gauss_seidel.hpp */,
				FCE070B1255256C900463091 /* include.hpp */,
				FCE070B0255256C900463091 /* LU_Dolittle.hpp */,
				FCE070AB25513D2100463091 /* gauss_elim.hpp */,
				FC543EFE254FFF0000C78721 /* main.cpp */,
				FCE070B82553C71700463091 /* test.hpp */,
				FCE070D72556885400463091 /* tri.hpp */,
				FCE070D92556899900463091 /* LinearSolve.hpp */,
			);
			path = LinearSolve;
			sourceTree = "<group>";
		};
/* End PBXGroup section */

/* Begin PBXNativeTarget section */
		FC543EED254FFE9A00C78721 /* LinearSolve */ = {
			isa = PBXNativeTarget;
			buildConfigurationList = FC543EF5254FFE9A00C78721 /* Build configuration list for PBXNativeTarget "LinearSolve" */;
			buildPhases = (
				FC543EEA254FFE9A00C78721 /* Sources */,
				FC543EEB254FFE9A00C78721 /* Frameworks */,
				FC543EEC254FFE9A00C78721 /* CopyFiles */,
			);
			buildRules = (
			);
			dependencies = (
			);
			name = LinearSolve;
			productName = LinearSolve;
			productReference = FC543EEE254FFE9A00C78721 /* test_gauss_elim */;
			productType = "com.apple.product-type.tool";
		};
/* End PBXNativeTarget section */

/* Begin PBXProject section */
		FC543EE6254FFE9A00C78721 /* Project object */ = {
			isa = PBXProject;
			attributes = {
				LastUpgradeCheck = 1210;
				TargetAttributes = {
					FC543EED254FFE9A00C78721 = {
						CreatedOnToolsVersion = 12.1;
					};
				};
			};
			buildConfigurationList = FC543EE9254FFE9A00C78721 /* Build configuration list for PBXProject "LinearSolve" */;
			compatibilityVersion = "Xcode 9.3";
			developmentRegion = en;
			hasScannedForEncodings = 0;
			knownRegions = (
				en,
				Base,
			);
			mainGroup = FC543EE5254FFE9A00C78721;
			productRefGroup = FC543EEF254FFE9A00C78721 /* Products */;
			projectDirPath = "";
			projectRoot = "";
			targets = (
				FC543EED254FFE9A00C78721 /* LinearSolve */,
			);
		};
/* End PBXProject section */

/* Begin PBXSourcesBuildPhase section */
		FC543EEA254FFE9A00C78721 /* Sources */ = {
			isa = PBXSourcesBuildPhase;
			buildActionMask = 2147483647;
			files = (
				FCE070DD2556ABE400463091 /* tri.hpp in Sources */,
				FCE070DB2556ABD900463091 /* LinearSolve.hpp in Sources */,
				FCE070B6255388FD00463091 /* gauss_seidel.hpp in Sources */,
				FCE070B2255256E600463091 /* include.hpp in Sources */,
				FCE070B3255256E600463091 /* LU_Dolittle.hpp in Sources */,
				FCE070AC25513D3900463091 /* gauss_elim.hpp in Sources */,
				FC543F00254FFF0000C78721 /* main.cpp in Sources */,
			);
			runOnlyForDeploymentPostprocessing = 0;
		};
/* End PBXSourcesBuildPhase section */

/* Begin XCBuildConfiguration section */
		FC543EF3254FFE9A00C78721 /* Debug */ = {
			isa = XCBuildConfiguration;
			buildSettings = {
				ALWAYS_SEARCH_USER_PATHS = NO;
				CLANG_ANALYZER_NONNULL = YES;
				CLANG_ANALYZER_NUMBER_OBJECT_CONVERSION = YES_AGGRESSIVE;
				CLANG_CXX_LANGUAGE_STANDARD = "gnu++14";
				CLANG_CXX_LIBRARY = "libc++";
				CLANG_ENABLE_MODULES = YES;
				CLANG_ENABLE_OBJC_ARC = YES;
				CLANG_ENABLE_OBJC_WEAK = YES;
				CLANG_WARN_BLOCK_CAPTURE_AUTORELEASING = YES;
				CLANG_WARN_BOOL_CONVERSION = YES;
				CLANG_WARN_COMMA = YES;
				CLANG_WARN_CONSTANT_CONVERSION = YES;
				CLANG_WARN_DEPRECATED_OBJC_IMPLEMENTATIONS = YES;
				CLANG_WARN_DIRECT_OBJC_ISA_USAGE = YES_ERROR;
				CLANG_WARN_DOCUMENTATION_COMMENTS = YES;
				CLANG_WARN_EMPTY_BODY = YES;
				CLANG_WARN_ENUM_CONVERSION = YES;
				CLANG_WARN_INFINITE_RECURSION = YES;
				CLANG_WARN_INT_CONVERSION = YES;
				CLANG_WARN_NON_LITERAL_NULL_CONVERSION = YES;
				CLANG_WARN_OBJC_IMPLICIT_RETAIN_SELF = YES;
				CLANG_WARN_OBJC_LITERAL_CONVERSION = YES;
				CLANG_WARN_OBJC_ROOT_CLASS = YES_ERROR;
				CLANG_WARN_QUOTED_INCLUDE_IN_FRAMEWORK_HEADER = YES;
				CLANG_WARN_RANGE_LOOP_ANALYSIS = YES;
				CLANG_WARN_STRICT_PROTOTYPES = YES;
				CLANG_WARN_SUSPICIOUS_MOVE = YES;
				CLANG_WARN_UNGUARDED_AVAILABILITY = YES_AGGRESSIVE;
				CLANG_WARN_UNREACHABLE_CODE = YES;
				CLANG_WARN__DUPLICATE_METHOD_MATCH = YES;
				COPY_PHASE_STRIP = NO;
				DEBUG_INFORMATION_FORMAT = dwarf;
				ENABLE_STRICT_OBJC_MSGSEND = YES;
				ENABLE_TESTABILITY = YES;
				GCC_C_LANGUAGE_STANDARD = gnu11;
				GCC_DYNAMIC_NO_PIC = NO;
				GCC_NO_COMMON_BLOCKS = YES;
				GCC_OPTIMIZATION_LEVEL = 0;
				GCC_PREPROCESSOR_DEFINITIONS = (
					"DEBUG=1",
					"$(inherited)",
				);
				GCC_WARN_64_TO_32_BIT_CONVERSION = YES;
				GCC_WARN_ABOUT_RETURN_TYPE = YES_ERROR;
				GCC_WARN_UNDECLARED_SELECTOR = YES;
				GCC_WARN_UNINITIALIZED_AUTOS = YES_AGGRESSIVE;
				GCC_WARN_UNUSED_FUNCTION = YES;
				GCC_WARN_UNUSED_VARIABLE = YES;
				MACOSX_DEPLOYMENT_TARGET = 10.15;
				MTL_ENABLE_DEBUG_INFO = INCLUDE_SOURCE;
				MTL_FAST_MATH = YES;
				ONLY_ACTIVE_ARCH = YES;
				SDKROOT = macosx;
			};
			name = Debug;
		};
		FC543EF4254FFE9A00C78721 /* Release */ = {
			isa = XCBuildConfiguration;
			buildSettings = {
				ALWAYS_SEARCH_USER_PATHS = NO;
				CLANG_ANALYZER_NONNULL = YES;
				CLANG_ANALYZER_NUMBER_OBJECT_CONVERSION = YES_AGGRESSIVE;
				CLANG_CXX_LANGUAGE_STANDARD = "gnu++14";
				CLANG_CXX_LIBRARY = "libc++";
				CLANG_ENABLE_MODULES = YES;
				CLANG_ENABLE_OBJC_ARC = YES;
				CLANG_ENABLE_OBJC_WEAK = YES;
				CLANG_WARN_BLOCK_CAPTURE_AUTORELEASING = YES;
				CLANG_WARN_BOOL_CONVERSION = YES;
				CLANG_WARN_COMMA = YES;
				CLANG_WARN_CONSTANT_CONVERSION = YES;
				CLANG_WARN_DEPRECATED_OBJC_IMPLEMENTATIONS = YES;
				CLANG_WARN_DIRECT_OBJC_ISA_USAGE = YES_ERROR;
				CLANG_WARN_DOCUMENTATION_COMMENTS = YES;
				CLANG_WARN_EMPTY_BODY = YES;
				CLANG_WARN_ENUM_CONVERSION = YES;
				CLANG_WARN_INFINITE_RECURSION = YES;
				CLANG_WARN_INT_CONVERSION = YES;
				CLANG_WARN_NON_LITERAL_NULL_CONVERSION = YES;
				CLANG_WARN_OBJC_IMPLICIT_RETAIN_SELF = YES;
				CLANG_WARN_OBJC_LITERAL_CONVERSION = YES;
				CLANG_WARN_OBJC_ROOT_CLASS = YES_ERROR;
				CLANG_WARN_QUOTED_INCLUDE_IN_FRAMEWORK_HEADER = YES;
				CLANG_WARN_RANGE_LOOP_ANALYSIS = YES;
				CLANG_WARN_STRICT_PROTOTYPES = YES;
				CLANG_WARN_SUSPICIOUS_MOVE = YES;
				CLANG_WARN_UNGUARDED_AVAILABILITY = YES_AGGRESSIVE;
				CLANG_WARN_UNREACHABLE_CODE = YES;
				CLANG_WARN__DUPLICATE_METHOD_MATCH = YES;
				COPY_PHASE_STRIP = NO;
				DEBUG_INFORMATION_FORMAT = "dwarf-with-dsym";
				ENABLE_NS_ASSERTIONS = NO;
				ENABLE_STRICT_OBJC_MSGSEND = YES;
				GCC_C_LANGUAGE_STANDARD = gnu11;
				GCC_NO_COMMON_BLOCKS = YES;
				GCC_WARN_64_TO_32_BIT_CONVERSION = YES;
				GCC_WARN_ABOUT_RETURN_TYPE = YES_ERROR;
				GCC_WARN_UNDECLARED_SELECTOR = YES;
				GCC_WARN_UNINITIALIZED_AUTOS = YES_AGGRESSIVE;
				GCC_WARN_UNUSED_FUNCTION = YES;
				GCC_WARN_UNUSED_VARIABLE = YES;
				MACOSX_DEPLOYMENT_TARGET = 10.15;
				MTL_ENABLE_DEBUG_INFO = NO;
				MTL_FAST_MATH = YES;
				SDKROOT = macosx;
			};
			name = Release;
		};
		FC543EF6254FFE9A00C78721 /* Debug */ = {
			isa = XCBuildConfiguration;
			buildSettings = {
				CODE_SIGN_STYLE = Automatic;
				DEVELOPMENT_TEAM = U5D4BZLJDG;
				ENABLE_HARDENED_RUNTIME = YES;
				PRODUCT_NAME = test_gauss_elim;
			};
			name = Debug;
		};
		FC543EF7254FFE9A00C78721 /* Release */ = {
			isa = XCBuildConfiguration;
			buildSettings = {
				CODE_SIGN_STYLE = Automatic;
				DEVELOPMENT_TEAM = U5D4BZLJDG;
				ENABLE_HARDENED_RUNTIME = YES;
				PRODUCT_NAME = test_gauss_elim;
			};
			name = Release;
		};
/* End XCBuildConfiguration section */

/* Begin XCConfigurationList section */
		FC543EE9254FFE9A00C78721 /* Build configuration list for PBXProject "LinearSolve" */ = {
			isa = XCConfigurationList;
			buildConfigurations = (
				FC543EF3254FFE9A00C78721 /* Debug */,
				FC543EF4254FFE9A00C78721 /* Release */,
			);
			defaultConfigurationIsVisible = 0;
			defaultConfigurationName = Release;
		};
		FC543EF5254FFE9A00C78721 /* Build configuration list for PBXNativeTarget "LinearSolve" */ = {
			isa = XCConfigurationList;
			buildConfigurations = (
				FC543EF6254FFE9A00C78721 /* Debug */,
				FC543EF7254FFE9A00C78721 /* Release */,
			);
			defaultConfigurationIsVisible = 0;
			defaultConfigurationName = Release;
		};
/* End XCConfigurationList section */
	};
	rootObject = FC543EE6254FFE9A00C78721 /* Project object */;
}
